
Microsoft Visual Studio Solution File, Format Version 12.00
# Visual Studio 15
VisualStudioVersion = 15.0.28307.902
MinimumVisualStudioVersion = 10.0.40219.1
Project("{FAE04EC0-301F-11D3-BF4B-00C04F79EFBC}") = "ConsoleApp1", "ConsoleApp1\ConsoleApp1.csproj", "{DD4031FB-203C-41AE-86F0-69EB8CA45269}"
EndProject
Global
	GlobalSection(SolutionConfigurationPlatforms) = preSolution
		Debug|Any CPU = Debug|Any CPU
		Release|Any CPU = Release|Any CPU
	EndGlobalSection
	GlobalSection(ProjectConfigurationPlatforms) = postSolution
		{DD4031FB-203C-41AE-86F0-69EB8CA45269}.Debug|Any CPU.ActiveCfg = Debug|Any CPU
		{DD4031FB-203C-41AE-86F0-69EB8CA45269}.Debug|Any CPU.Build.0 = Debug|Any CPU
		{DD4031FB-203C-41AE-86F0-69EB8CA45269}.Release|Any CPU.ActiveCfg = Release|Any CPU
		{DD4031FB-203C-41AE-86F0-69EB8CA45269}.Release|Any CPU.Build.0 = Release|Any CPU
	EndGlobalSection
	GlobalSection(SolutionProperties) = preSolution
		HideSolutionNode = FALSE
	EndGlobalSection
	GlobalSection(ExtensibilityGlobals) = postSolution
		SolutionGuid = {BF7331C6-1640-41D8-BB3C-E5615BA65BB0}
	EndGlobalSection
EndGlobal
